
Microsoft Visual Studio Solution File, Format Version 12.00
# Visual Studio 2013
VisualStudioVersion = 12.0.21005.1
MinimumVisualStudioVersion = 10.0.40219.1
Project("{8BC9CEB8-8B4A-11D0-8D11-00A0C91BC942}") = "GraphLinkedList", "GraphLinkedList\GraphLinkedList.vcxproj", "{08AECD41-8CC1-4997-A0DA-679CD56545FE}"
EndProject
Project("{8BC9CEB8-8B4A-11D0-8D11-00A0C91BC942}") = "GraphMatrix", "GraphMatrix\GraphMatrix.vcxproj", "{FAF6ABAC-BF24-4CC0-BB2A-3A9BE8BC03BE}"
EndProject
Project("{8BC9CEB8-8B4A-11D0-8D11-00A0C91BC942}") = "Singly_Linked_List", "Singly_Linked_List\Singly_Linked_List.vcxproj", "{E048A761-02B8-4592-BB44-B36634A2037E}"
EndProject
Project("{8BC9CEB8-8B4A-11D0-8D11-00A0C91BC942}") = "Linked_List_with_Loop", "Circular_Linked_List\Circular_Linked_List.vcxproj", "{CCDE7917-BAF2-410C-9402-EE0E13D86008}"
EndProject
Project("{8BC9CEB8-8B4A-11D0-8D11-00A0C91BC942}") = "Sorting", "Sorting\Sorting.vcxproj", "{F037A049-F6B3-4567-8857-9D830C4D697C}"
EndProject
Global
	GlobalSection(SolutionConfigurationPlatforms) = preSolution
		Debug|Win32 = Debug|Win32
		Release|Win32 = Release|Win32
	EndGlobalSection
	GlobalSection(ProjectConfigurationPlatforms) = postSolution
		{08AECD41-8CC1-4997-A0DA-679CD56545FE}.Debug|Win32.ActiveCfg = Debug|Win32
		{08AECD41-8CC1-4997-A0DA-679CD56545FE}.Debug|Win32.Build.0 = Debug|Win32
		{08AECD41-8CC1-4997-A0DA-679CD56545FE}.Release|Win32.ActiveCfg = Release|Win32
		{08AECD41-8CC1-4997-A0DA-679CD56545FE}.Release|Win32.Build.0 = Release|Win32
		{FAF6ABAC-BF24-4CC0-BB2A-3A9BE8BC03BE}.Debug|Win32.ActiveCfg = Debug|Win32
		{FAF6ABAC-BF24-4CC0-BB2A-3A9BE8BC03BE}.Debug|Win32.Build.0 = Debug|Win32
		{FAF6ABAC-BF24-4CC0-BB2A-3A9BE8BC03BE}.Release|Win32.ActiveCfg = Release|Win32
		{FAF6ABAC-BF24-4CC0-BB2A-3A9BE8BC03BE}.Release|Win32.Build.0 = Release|Win32
		{E048A761-02B8-4592-BB44-B36634A2037E}.Debug|Win32.ActiveCfg = Debug|Win32
		{E048A761-02B8-4592-BB44-B36634A2037E}.Debug|Win32.Build.0 = Debug|Win32
		{E048A761-02B8-4592-BB44-B36634A2037E}.Release|Win32.ActiveCfg = Release|Win32
		{E048A761-02B8-4592-BB44-B36634A2037E}.Release|Win32.Build.0 = Release|Win32
		{CCDE7917-BAF2-410C-9402-EE0E13D86008}.Debug|Win32.ActiveCfg = Debug|Win32
		{CCDE7917-BAF2-410C-9402-EE0E13D86008}.Debug|Win32.Build.0 = Debug|Win32
		{CCDE7917-BAF2-410C-9402-EE0E13D86008}.Release|Win32.ActiveCfg = Release|Win32
		{CCDE7917-BAF2-410C-9402-EE0E13D86008}.Release|Win32.Build.0 = Release|Win32
		{F037A049-F6B3-4567-8857-9D830C4D697C}.Debug|Win32.ActiveCfg = Debug|Win32
		{F037A049-F6B3-4567-8857-9D830C4D697C}.Debug|Win32.Build.0 = Debug|Win32
		{F037A049-F6B3-4567-8857-9D830C4D697C}.Release|Win32.ActiveCfg = Release|Win32
		{F037A049-F6B3-4567-8857-9D830C4D697C}.Release|Win32.Build.0 = Release|Win32
	EndGlobalSection
	GlobalSection(SolutionProperties) = preSolution
		HideSolutionNode = FALSE
	EndGlobalSection
EndGlobal
